<?xml version="1.0" encoding="utf-8"?>
<Project ToolsVersion="4.0" xmlns="http://schemas.microsoft.com/developer/msbuild/2003">
  <ItemGroup>
    <ClInclude Include="EngineInput.h">
      <Filter>Input</Filter>
    </ClInclude>
    <ClInclude Include="PreCompile.h">
      <Filter>Precompile</Filter>
    </ClInclude>
    <ClInclude Include="EngineWorkThreadPool.h">
      <Filter>Thread</Filter>
    </ClInclude>
    <ClInclude Include="EngineThread.h">
      <Filter>Thread</Filter>
    </ClInclude>
    <ClInclude Include="EngineSound.h">
      <Filter>Sound</Filter>
    </ClInclude>
    <ClInclude Include="EngineWindow.h">
      <Filter>Window</Filter>
    </ClInclude>
    <ClInclude Include="EngineWinImage.h">
      <Filter>Window</Filter>
    </ClInclude>
  </ItemGroup>
  <ItemGroup>
    <ClCompile Include="EngineInput.cpp">
      <Filter>Input</Filter>
    </ClCompile>
    <ClCompile Include="PreCompile.cpp">
      <Filter>Precompile</Filter>
    </ClCompile>
    <ClCompile Include="EngineWorkThreadPool.cpp">
      <Filter>Thread</Filter>
    </ClCompile>
    <ClCompile Include="EngineThread.cpp">
      <Filter>Thread</Filter>
    </ClCompile>
    <ClCompile Include="EngineSound.cpp">
      <Filter>Sound</Filter>
    </ClCompile>
    <ClCompile Include="EngineWindow.cpp">
      <Filter>Window</Filter>
    </ClCompile>
    <ClCompile Include="EngineWinImage.cpp">
      <Filter>Window</Filter>
    </ClCompile>
  </ItemGroup>
  <ItemGroup>
    <Filter Include="Input">
      <UniqueIdentifier>{a4b5b99f-97e3-4c3d-b0f4-bb9ed75b6bf9}</UniqueIdentifier>
    </Filter>
    <Filter Include="Precompile">
      <UniqueIdentifier>{7c0d6d1f-77d5-4f42-ad8b-feea28b8285e}</UniqueIdentifier>
    </Filter>
    <Filter Include="Thread">
      <UniqueIdentifier>{17fdfcd3-26f3-4a5f-927d-cc7d5a4d8807}</UniqueIdentifier>
    </Filter>
    <Filter Include="Sound">
      <UniqueIdentifier>{d37eabc7-cc28-40ad-aec4-18acda82bb2b}</UniqueIdentifier>
    </Filter>
    <Filter Include="Window">
      <UniqueIdentifier>{0f571dbc-0d05-4d1d-8314-359fa28b5819}</UniqueIdentifier>
    </Filter>
    <Filter Include="ThirdParty">
      <UniqueIdentifier>{80d61770-8d75-41df-a471-b9f7956247cd}</UniqueIdentifier>
    </Filter>
    <Filter Include="ThirdParty\FMOD">
      <UniqueIdentifier>{97a0e778-7659-44d1-88be-2ae31fa633e1}</UniqueIdentifier>
    </Filter>
    <Filter Include="ThirdParty\FMOD\Inc">
      <UniqueIdentifier>{bf75e935-bfb2-406a-aba0-14ba8ca5ba1d}</UniqueIdentifier>
    </Filter>
    <Filter Include="ThirdParty\FMOD\Debug">
      <UniqueIdentifier>{ee1d061d-e2bd-40ec-ab3b-d3780d2f0808}</UniqueIdentifier>
    </Filter>
    <Filter Include="ThirdParty\FMOD\Release">
      <UniqueIdentifier>{a1effb4b-264a-4eb6-a3a1-f5e97df5b9fa}</UniqueIdentifier>
    </Filter>
  </ItemGroup>
  <ItemGroup>
    <CopyFileToFolders Include="ThirdParty\FMOD\Debug\fmodL.dll">
      <Filter>ThirdParty\FMOD\Debug</Filter>
    </CopyFileToFolders>
    <CopyFileToFolders Include="ThirdParty\FMOD\Debug\fmodL_vc.lib">
      <Filter>ThirdParty\FMOD\Debug</Filter>
    </CopyFileToFolders>
    <CopyFileToFolders Include="ThirdParty\FMOD\Release\fmod.dll">
      <Filter>ThirdParty\FMOD\Release</Filter>
    </CopyFileToFolders>
    <CopyFileToFolders Include="ThirdParty\FMOD\Release\fmod_vc.lib">
      <Filter>ThirdParty\FMOD\Release</Filter>
    </CopyFileToFolders>
  </ItemGroup>
</Project>