<?xml version="1.0" encoding="utf-8"?>
<Project ToolsVersion="4.0" xmlns="http://schemas.microsoft.com/developer/msbuild/2003">
  <ItemGroup>
    <ClInclude Include="PreCompile.h" />
    <ClInclude Include="TitleGameMode.h">
      <Filter>GameMode</Filter>
    </ClInclude>
    <ClInclude Include="ForagerRenderer.h">
      <Filter>Render</Filter>
    </ClInclude>
    <ClInclude Include="TileMapGameMode.h">
      <Filter>GameMode</Filter>
    </ClInclude>
    <ClInclude Include="ContentsEditorGUI.h">
      <Filter>GUI</Filter>
    </ClInclude>
    <ClInclude Include="GMConst.h">
      <Filter>Global</Filter>
    </ClInclude>
    <ClInclude Include="PlayGameMode.h">
      <Filter>GameMode</Filter>
    </ClInclude>
    <ClInclude Include="TitleLogo.h">
      <Filter>Title</Filter>
    </ClInclude>
    <ClInclude Include="Forager.h">
      <Filter>Character</Filter>
    </ClInclude>
    <ClInclude Include="CharacterManager.h">
      <Filter>Character</Filter>
    </ClInclude>
    <ClInclude Include="Monster.h">
      <Filter>Character</Filter>
    </ClInclude>
    <ClInclude Include="Monster2.h">
      <Filter>Character</Filter>
    </ClInclude>
    <ClInclude Include="ContentsCore.h">
      <Filter>Core</Filter>
    </ClInclude>
  </ItemGroup>
  <ItemGroup>
    <ClCompile Include="PreCompile.cpp" />
    <ClCompile Include="TitleGameMode.cpp">
      <Filter>GameMode</Filter>
    </ClCompile>
    <ClCompile Include="ForagerRenderer.cpp">
      <Filter>Render</Filter>
    </ClCompile>
    <ClCompile Include="TileMapGameMode.cpp">
      <Filter>GameMode</Filter>
    </ClCompile>
    <ClCompile Include="ContentsEditorGUI.cpp">
      <Filter>GUI</Filter>
    </ClCompile>
    <ClCompile Include="PlayGameMode.cpp">
      <Filter>GameMode</Filter>
    </ClCompile>
    <ClCompile Include="TitleLogo.cpp">
      <Filter>Title</Filter>
    </ClCompile>
    <ClCompile Include="Forager.cpp">
      <Filter>Character</Filter>
    </ClCompile>
    <ClCompile Include="CharacterManager.cpp">
      <Filter>Character</Filter>
    </ClCompile>
    <ClCompile Include="Monster.cpp">
      <Filter>Character</Filter>
    </ClCompile>
    <ClCompile Include="Monster2.cpp">
      <Filter>Character</Filter>
    </ClCompile>
    <ClCompile Include="ContentsCore.cpp">
      <Filter>Core</Filter>
    </ClCompile>
    <ClCompile Include="ContentsCore_Resources.cpp">
      <Filter>Core</Filter>
    </ClCompile>
  </ItemGroup>
  <ItemGroup>
    <Filter Include="GameMode">
      <UniqueIdentifier>{b30b3464-9fea-42bc-a269-6d65ecf4f6c0}</UniqueIdentifier>
    </Filter>
    <Filter Include="Title">
      <UniqueIdentifier>{b8c8ade7-800f-4020-890f-43e613f26276}</UniqueIdentifier>
    </Filter>
    <Filter Include="Render">
      <UniqueIdentifier>{00b22cb0-38ad-4f90-9885-863b07f1e2f0}</UniqueIdentifier>
    </Filter>
    <Filter Include="GUI">
      <UniqueIdentifier>{15aa3c0d-7b41-4e15-93c0-0228acabc02d}</UniqueIdentifier>
    </Filter>
    <Filter Include="Global">
      <UniqueIdentifier>{79713bb3-8e26-4188-a787-8fa62a6d9f1b}</UniqueIdentifier>
    </Filter>
    <Filter Include="Character">
      <UniqueIdentifier>{7f386870-3c1e-423d-bf12-22af4d4a3c28}</UniqueIdentifier>
    </Filter>
    <Filter Include="Core">
      <UniqueIdentifier>{989d958f-3cf2-4a23-aee9-73ea93d4f0a4}</UniqueIdentifier>
    </Filter>
  </ItemGroup>
</Project>